// !$*UTF8*$!
{
	archiveVersion = 1;
	classes = {
	};
	objectVersion = 56;
	objects = {

/* Begin PBXBuildFile section */
		2222222200000000000000B1 /* HTMLBookViewerApp.swift in Sources */ = {isa = PBXBuildFile; fileRef = 1111111100000000000000F1 /* HTMLBookViewerApp.swift */; };
		2222222200000000000000B2 /* ContentView.swift in Sources */ = {isa = PBXBuildFile; fileRef = 1111111100000000000000F2 /* ContentView.swift */; };
		2222222200000000000000B3 /* SidebarView.swift in Sources */ = {isa = PBXBuildFile; fileRef = 1111111100000000000000F3 /* SidebarView.swift */; };
		2222222200000000000000B4 /* BookPageView.swift in Sources */ = {isa = PBXBuildFile; fileRef = 1111111100000000000000F4 /* BookPageView.swift */; };
		2222222200000000000000B5 /* WebView.swift in Sources */ = {isa = PBXBuildFile; fileRef = 1111111100000000000000F5 /* WebView.swift */; };
		2222222200000000000000B6 /* HTMLFile.swift in Sources */ = {isa = PBXBuildFile; fileRef = 1111111100000000000000F6 /* HTMLFile.swift */; };
		2222222200000000000000B7 /* HTMLFileScanner.swift in Sources */ = {isa = PBXBuildFile; fileRef = 1111111100000000000000F7 /* HTMLFileScanner.swift */; };
		2222222200000000000000B8 /* BookViewModel.swift in Sources */ = {isa = PBXBuildFile; fileRef = 1111111100000000000000F8 /* BookViewModel.swift */; };
		2222222200000000000000B9 /* Assets.xcassets in Resources */ = {isa = PBXBuildFile; fileRef = 1111111100000000000000F9 /* Assets.xcassets */; };
/* End PBXBuildFile section */

/* Begin PBXFileReference section */
		1111111100000000000000FC /* HTMLBookViewer.app */ = {isa = PBXFileReference; explicitFileType = wrapper.application; includeInIndex = 0; path = HTMLBookViewer.app; sourceTree = BUILT_PRODUCTS_DIR; };
		1111111100000000000000F1 /* HTMLBookViewerApp.swift */ = {isa = PBXFileReference; lastKnownFileType = sourcecode.swift; path = HTMLBookViewerApp.swift; sourceTree = "<group>"; };
		1111111100000000000000F2 /* ContentView.swift */ = {isa = PBXFileReference; lastKnownFileType = sourcecode.swift; path = ContentView.swift; sourceTree = "<group>"; };
		1111111100000000000000F3 /* SidebarView.swift */ = {isa = PBXFileReference; lastKnownFileType = sourcecode.swift; path = SidebarView.swift; sourceTree = "<group>"; };
		1111111100000000000000F4 /* BookPageView.swift */ = {isa = PBXFileReference; lastKnownFileType = sourcecode.swift; path = BookPageView.swift; sourceTree = "<group>"; };
		1111111100000000000000F5 /* WebView.swift */ = {isa = PBXFileReference; lastKnownFileType = sourcecode.swift; path = WebView.swift; sourceTree = "<group>"; };
		1111111100000000000000F6 /* HTMLFile.swift */ = {isa = PBXFileReference; lastKnownFileType = sourcecode.swift; path = HTMLFile.swift; sourceTree = "<group>"; };
		1111111100000000000000F7 /* HTMLFileScanner.swift */ = {isa = PBXFileReference; lastKnownFileType = sourcecode.swift; path = HTMLFileScanner.swift; sourceTree = "<group>"; };
		1111111100000000000000F8 /* BookViewModel.swift */ = {isa = PBXFileReference; lastKnownFileType = sourcecode.swift; path = BookViewModel.swift; sourceTree = "<group>"; };
		1111111100000000000000F9 /* Assets.xcassets */ = {isa = PBXFileReference; lastKnownFileType = folder.assetcatalog; path = Assets.xcassets; sourceTree = "<group>"; };
		1111111100000000000000FA /* Info.plist */ = {isa = PBXFileReference; lastKnownFileType = text.plist.xml; path = Info.plist; sourceTree = "<group>"; };
		1111111100000000000000FB /* HTMLBookViewer.entitlements */ = {isa = PBXFileReference; lastKnownFileType = text.plist.entitlements; path = HTMLBookViewer.entitlements; sourceTree = "<group>"; };
/* End PBXFileReference section */

/* Begin PBXFrameworksBuildPhase section */
		3333333300000000000000BB /* Frameworks */ = {
			isa = PBXFrameworksBuildPhase;
			buildActionMask = 2147483647;
			files = (
			);
			runOnlyForDeploymentPostprocessing = 0;
		};
/* End PBXFrameworksBuildPhase section */

/* Begin PBXGroup section */
		2B2B2B2B2B2B2B2B2B2B2B2B = {
			isa = PBXGroup;
			children = (
				4D4D4D4D4D4D4D4D4D4D4D4D /* HTMLBookViewer */,
				3C3C3C3C3C3C3C3C3C3C3C3C /* Products */,
			);
			sourceTree = "<group>";
		};
		3C3C3C3C3C3C3C3C3C3C3C3C /* Products */ = {
			isa = PBXGroup;
			children = (
				1111111100000000000000FC /* HTMLBookViewer.app */,
			);
			name = Products;
			sourceTree = "<group>";
		};
		4D4D4D4D4D4D4D4D4D4D4D4D /* HTMLBookViewer */ = {
			isa = PBXGroup;
			children = (
				1111111100000000000000F1 /* HTMLBookViewerApp.swift */,
				1111111100000000000000F2 /* ContentView.swift */,
				5E5E5E5E5E5E5E5E5E5E5E5E /* Views */,
				6F6F6F6F6F6F6F6F6F6F6F6F /* Models */,
				1111111100000000000000F9 /* Assets.xcassets */,
				1111111100000000000000FA /* Info.plist */,
				1111111100000000000000FB /* HTMLBookViewer.entitlements */,
			);
			path = HTMLBookViewer;
			sourceTree = "<group>";
		};
		5E5E5E5E5E5E5E5E5E5E5E5E /* Views */ = {
			isa = PBXGroup;
			children = (
				1111111100000000000000F3 /* SidebarView.swift */,
				1111111100000000000000F4 /* BookPageView.swift */,
				1111111100000000000000F5 /* WebView.swift */,
			);
			path = Views;
			sourceTree = "<group>";
		};
		6F6F6F6F6F6F6F6F6F6F6F6F /* Models */ = {
			isa = PBXGroup;
			children = (
				1111111100000000000000F6 /* HTMLFile.swift */,
				1111111100000000000000F7 /* HTMLFileScanner.swift */,
				1111111100000000000000F8 /* BookViewModel.swift */,
			);
			path = Models;
			sourceTree = "<group>";
		};
/* End PBXGroup section */

/* Begin PBXNativeTarget section */
		6666666600000000000000A1 /* HTMLBookViewer */ = {
			isa = PBXNativeTarget;
			buildConfigurationList = 5555555500000000000000E2 /* Build configuration list for PBXNativeTarget "HTMLBookViewer" */;
			buildPhases = (
				3333333300000000000000AA /* Sources */,
				3333333300000000000000BB /* Frameworks */,
				3333333300000000000000CC /* Resources */,
			);
			buildRules = (
			);
			dependencies = (
			);
			name = HTMLBookViewer;
			productName = HTMLBookViewer;
			productReference = 1111111100000000000000FC /* HTMLBookViewer.app */;
			productType = "com.apple.product-type.application";
		};
/* End PBXNativeTarget section */

/* Begin PBXProject section */
		1A1A1A1A1A1A1A1A1A1A1A1A /* Project object */ = {
			isa = PBXProject;
			attributes = {
				BuildIndependentTargetsInParallel = 1;
				LastSwiftUpdateCheck = 1500;
				LastUpgradeCheck = 1500;
				TargetAttributes = {
					6666666600000000000000A1 = {
						CreatedOnToolsVersion = 15.0;
					};
				};
			};
			buildConfigurationList = 5555555500000000000000E1 /* Build configuration list for PBXProject "HTMLBookViewer" */;
			compatibilityVersion = "Xcode 14.0";
			developmentRegion = en;
			hasScannedForEncodings = 0;
			knownRegions = (
				en,
				Base,
			);
			mainGroup = 2B2B2B2B2B2B2B2B2B2B2B2B;
			productRefGroup = 3C3C3C3C3C3C3C3C3C3C3C3C /* Products */;
			projectDirPath = "";
			projectRoot = "";
			targets = (
				6666666600000000000000A1 /* HTMLBookViewer */,
			);
		};
/* End PBXProject section */

/* Begin PBXResourcesBuildPhase section */
		3333333300000000000000CC /* Resources */ = {
			isa = PBXResourcesBuildPhase;
			buildActionMask = 2147483647;
			files = (
				2222222200000000000000B9 /* Assets.xcassets in Resources */,
			);
			runOnlyForDeploymentPostprocessing = 0;
		};
/* End PBXResourcesBuildPhase section */

/* Begin PBXSourcesBuildPhase section */
		3333333300000000000000AA /* Sources */ = {
			isa = PBXSourcesBuildPhase;
			buildActionMask = 2147483647;
			files = (
				2222222200000000000000B1 /* HTMLBookViewerApp.swift in Sources */,
				2222222200000000000000B2 /* ContentView.swift in Sources */,
				2222222200000000000000B3 /* SidebarView.swift in Sources */,
				2222222200000000000000B4 /* BookPageView.swift in Sources */,
				2222222200000000000000B5 /* WebView.swift in Sources */,
				2222222200000000000000B6 /* HTMLFile.swift in Sources */,
				2222222200000000000000B7 /* HTMLFileScanner.swift in Sources */,
				2222222200000000000000B8 /* BookViewModel.swift in Sources */,
			);
			runOnlyForDeploymentPostprocessing = 0;
		};
/* End PBXSourcesBuildPhase section */

/* Begin XCBuildConfiguration section */
		4444444400000000000000D1 /* Debug */ = {
			isa = XCBuildConfiguration;
			buildSettings = {
				ALWAYS_SEARCH_USER_PATHS = NO;
				CLANG_ANALYZER_NONNULL = YES;
				CLANG_ANALYZER_NUMBER_OBJECT_CONVERSION = YES_AGGRESSIVE;
				CLANG_CXX_LANGUAGE_STANDARD = "gnu++20";
				CLANG_ENABLE_MODULES = YES;
				CLANG_ENABLE_OBJC_ARC = YES;
				CLANG_ENABLE_OBJC_WEAK = YES;
				CLANG_WARN_BLOCK_CAPTURE_AUTORELEASING = YES;
				CLANG_WARN_BOOL_CONVERSION = YES;
				CLANG_WARN_COMMA = YES;
				CLANG_WARN_CONSTANT_CONVERSION = YES;
				CLANG_WARN_DEPRECATED_OBJC_IMPLEMENTATIONS = YES;
				CLANG_WARN_DIRECT_OBJC_ISA_USAGE = YES_ERROR;
				CLANG_WARN_DOCUMENTATION_COMMENTS = YES;
				CLANG_WARN_EMPTY_BODY = YES;
				CLANG_WARN_ENUM_CONVERSION = YES;
				CLANG_WARN_INFINITE_RECURSION = YES;
				CLANG_WARN_INT_CONVERSION = YES;
				CLANG_WARN_NON_LITERAL_NULL_CONVERSION = YES;
				CLANG_WARN_OBJC_IMPLICIT_RETAIN_CYCLE = YES;
				CLANG_WARN_OBJC_LITERAL_CONVERSION = YES;
				CLANG_WARN_OBJC_ROOT_CLASS = YES_ERROR;
				CLANG_WARN_QUOTED_INCLUDE_IN_FRAMEWORK_HEADER = YES;
				CLANG_WARN_RANGE_LOOP_ANALYSIS = YES;
				CLANG_WARN_STRICT_PROTOTYPES = YES;
				CLANG_WARN_SUSPICIOUS_MOVE = YES;
				CLANG_WARN_UNGUARDED_AVAILABILITY = YES_AGGRESSIVE;
				CLANG_WARN_UNREACHABLE_CODE = YES;
				CLANG_WARN__DUPLICATE_METHOD_MATCH = YES;
				COPY_PHASE_STRIP = NO;
				DEBUG_INFORMATION_FORMAT = dwarf;
				ENABLE_STRICT_OBJC_MSGSEND = YES;
				ENABLE_TESTABILITY = YES;
				GCC_C_LANGUAGE_STANDARD = gnu11;
				GCC_DYNAMIC_NO_PIC = NO;
				GCC_NO_COMMON_BLOCKS = YES;
				GCC_OPTIMIZATION_LEVEL = 0;
				GCC_PREPROCESSOR_DEFINITIONS = (
					"DEBUG=1",
					"$(inherited)",
				);
				GCC_WARN_64_TO_32_BIT_CONVERSION = YES;
				GCC_WARN_ABOUT_RETURN_TYPE = YES_ERROR;
				GCC_WARN_UNDECLARED_SELECTOR = YES;
				GCC_WARN_UNINITIALIZED_AUTOS = YES_AGGRESSIVE;
				GCC_WARN_UNUSED_FUNCTION = YES;
				GCC_WARN_UNUSED_VARIABLE = YES;
				MACOSX_DEPLOYMENT_TARGET = 13.0;
				MTL_ENABLE_DEBUG_INFO = INCLUDE_SOURCE;
				MTL_FAST_MATH = YES;
				ONLY_ACTIVE_ARCH = YES;
				SDKROOT = macosx;
				SWIFT_ACTIVE_COMPILATION_CONDITIONS = DEBUG;
				SWIFT_OPTIMIZATION_LEVEL = "-Onone";
			};
			name = Debug;
		};
		4444444400000000000000D2 /* Release */ = {
			isa = XCBuildConfiguration;
			buildSettings = {
				ALWAYS_SEARCH_USER_PATHS = NO;
				CLANG_ANALYZER_NONNULL = YES;
				CLANG_ANALYZER_NUMBER_OBJECT_CONVERSION = YES_AGGRESSIVE;
				CLANG_CXX_LANGUAGE_STANDARD = "gnu++20";
				CLANG_ENABLE_MODULES = YES;
				CLANG_ENABLE_OBJC_ARC = YES;
				CLANG_ENABLE_OBJC_WEAK = YES;
				CLANG_WARN_BLOCK_CAPTURE_AUTORELEASING = YES;
				CLANG_WARN_BOOL_CONVERSION = YES;
				CLANG_WARN_COMMA = YES;
				CLANG_WARN_CONSTANT_CONVERSION = YES;
				CLANG_WARN_DEPRECATED_OBJC_IMPLEMENTATIONS = YES;
				CLANG_WARN_DIRECT_OBJC_ISA_USAGE = YES_ERROR;
				CLANG_WARN_DOCUMENTATION_COMMENTS = YES;
				CLANG_WARN_EMPTY_BODY = YES;
				CLANG_WARN_ENUM_CONVERSION = YES;
				CLANG_WARN_INFINITE_RECURSION = YES;
				CLANG_WARN_INT_CONVERSION = YES;
				CLANG_WARN_NON_LITERAL_NULL_CONVERSION = YES;
				CLANG_WARN_OBJC_IMPLICIT_RETAIN_CYCLE = YES;
				CLANG_WARN_OBJC_LITERAL_CONVERSION = YES;
				CLANG_WARN_OBJC_ROOT_CLASS = YES_ERROR;
				CLANG_WARN_QUOTED_INCLUDE_IN_FRAMEWORK_HEADER = YES;
				CLANG_WARN_RANGE_LOOP_ANALYSIS = YES;
				CLANG_WARN_STRICT_PROTOTYPES = YES;
				CLANG_WARN_SUSPICIOUS_MOVE = YES;
				CLANG_WARN_UNGUARDED_AVAILABILITY = YES_AGGRESSIVE;
				CLANG_WARN_UNREACHABLE_CODE = YES;
				CLANG_WARN__DUPLICATE_METHOD_MATCH = YES;
				COPY_PHASE_STRIP = NO;
				DEBUG_INFORMATION_FORMAT = "dwarf-with-dsym";
				ENABLE_NS_ASSERTIONS = NO;
				ENABLE_STRICT_OBJC_MSGSEND = YES;
				GCC_C_LANGUAGE_STANDARD = gnu11;
				GCC_NO_COMMON_BLOCKS = YES;
				GCC_WARN_64_TO_32_BIT_CONVERSION = YES;
				GCC_WARN_ABOUT_RETURN_TYPE = YES_ERROR;
				GCC_WARN_UNDECLARED_SELECTOR = YES;
				GCC_WARN_UNINITIALIZED_AUTOS = YES_AGGRESSIVE;
				GCC_WARN_UNUSED_FUNCTION = YES;
				GCC_WARN_UNUSED_VARIABLE = YES;
				MACOSX_DEPLOYMENT_TARGET = 13.0;
				MTL_ENABLE_DEBUG_INFO = NO;
				MTL_FAST_MATH = YES;
				SDKROOT = macosx;
				SWIFT_COMPILATION_MODE = wholemodule;
				SWIFT_OPTIMIZATION_LEVEL = "-O";
			};
			name = Release;
		};
		4444444400000000000000D3 /* Debug */ = {
			isa = XCBuildConfiguration;
			buildSettings = {
				ASSETCATALOG_COMPILER_APPICON_NAME = AppIcon;
				ASSETCATALOG_COMPILER_GLOBAL_ACCENT_COLOR_NAME = AccentColor;
				CODE_SIGN_ENTITLEMENTS = HTMLBookViewer/HTMLBookViewer.entitlements;
				CODE_SIGN_STYLE = Automatic;
				COMBINE_HIDPI_IMAGES = YES;
				CURRENT_PROJECT_VERSION = 1;
				ENABLE_HARDENED_RUNTIME = YES;
				ENABLE_PREVIEWS = YES;
				GENERATE_INFOPLIST_FILE = NO;
				INFOPLIST_FILE = HTMLBookViewer/Info.plist;
				LD_RUNPATH_SEARCH_PATHS = (
					"$(inherited)",
					"@executable_path/../Frameworks",
				);
				MARKETING_VERSION = 1.0;
				PRODUCT_BUNDLE_IDENTIFIER = "com.prasenjeet.htmlbookviewer";
				PRODUCT_NAME = "$(TARGET_NAME)";
				SDKROOT = macosx;
				SWIFT_EMIT_LOC_STRINGS = YES;
				SWIFT_VERSION = 5.0;
			};
			name = Debug;
		};
		4444444400000000000000D4 /* Release */ = {
			isa = XCBuildConfiguration;
			buildSettings = {
				ASSETCATALOG_COMPILER_APPICON_NAME = AppIcon;
				ASSETCATALOG_COMPILER_GLOBAL_ACCENT_COLOR_NAME = AccentColor;
				CODE_SIGN_ENTITLEMENTS = HTMLBookViewer/HTMLBookViewer.entitlements;
				CODE_SIGN_STYLE = Automatic;
				COMBINE_HIDPI_IMAGES = YES;
				CURRENT_PROJECT_VERSION = 1;
				ENABLE_HARDENED_RUNTIME = YES;
				ENABLE_PREVIEWS = YES;
				GENERATE_INFOPLIST_FILE = NO;
				INFOPLIST_FILE = HTMLBookViewer/Info.plist;
				LD_RUNPATH_SEARCH_PATHS = (
					"$(inherited)",
					"@executable_path/../Frameworks",
				);
				MARKETING_VERSION = 1.0;
				PRODUCT_BUNDLE_IDENTIFIER = "com.prasenjeet.htmlbookviewer";
				PRODUCT_NAME = "$(TARGET_NAME)";
				SDKROOT = macosx;
				SWIFT_EMIT_LOC_STRINGS = YES;
				SWIFT_VERSION = 5.0;
			};
			name = Release;
		};
/* End XCBuildConfiguration section */

/* Begin XCConfigurationList section */
		5555555500000000000000E1 /* Build configuration list for PBXProject "HTMLBookViewer" */ = {
			isa = XCConfigurationList;
			buildConfigurations = (
				4444444400000000000000D1 /* Debug */,
				4444444400000000000000D2 /* Release */,
			);
			defaultConfigurationIsVisible = 0;
			defaultConfigurationName = Release;
		};
		5555555500000000000000E2 /* Build configuration list for PBXNativeTarget "HTMLBookViewer" */ = {
			isa = XCConfigurationList;
			buildConfigurations = (
				4444444400000000000000D3 /* Debug */,
				4444444400000000000000D4 /* Release */,
			);
			defaultConfigurationIsVisible = 0;
			defaultConfigurationName = Release;
		};
/* End XCConfigurationList section */

	};
	rootObject = 1A1A1A1A1A1A1A1A1A1A1A1A /* Project object */;
}
